
Microsoft Visual Studio Solution File, Format Version 12.00
# Visual Studio Version 16
VisualStudioVersion = 16.0.32106.194
MinimumVisualStudioVersion = 10.0.40219.1
Project("{FAE04EC0-301F-11D3-BF4B-00C04F79EFBC}") = "LibraryPri", "LibraryPri.csproj", "{915CA358-CC7F-4435-8082-853E8544B08E}"
EndProject
Global
	GlobalSection(SolutionConfigurationPlatforms) = preSolution
		Debug|Any CPU = Debug|Any CPU
		Release|Any CPU = Release|Any CPU
	EndGlobalSection
	GlobalSection(ProjectConfigurationPlatforms) = postSolution
		{915CA358-CC7F-4435-8082-853E8544B08E}.Debug|Any CPU.ActiveCfg = Debug|Any CPU
		{915CA358-CC7F-4435-8082-853E8544B08E}.Debug|Any CPU.Build.0 = Debug|Any CPU
		{915CA358-CC7F-4435-8082-853E8544B08E}.Release|Any CPU.ActiveCfg = Release|Any CPU
		{915CA358-CC7F-4435-8082-853E8544B08E}.Release|Any CPU.Build.0 = Release|Any CPU
	EndGlobalSection
	GlobalSection(SolutionProperties) = preSolution
		HideSolutionNode = FALSE
	EndGlobalSection
	GlobalSection(ExtensibilityGlobals) = postSolution
		SolutionGuid = {D236976F-0DD5-4598-8FEA-9DBE14C627BD}
	EndGlobalSection
EndGlobal
